// !$*UTF8*$!
{
	archiveVersion = 1;
	classes = {
	};
	objectVersion = 46;
	objects = {

/* Begin PBXBuildFile section */
		D84C4B491F626966002C7053 /* AppDelegate.swift in Sources */ = {isa = PBXBuildFile; fileRef = D84C4B481F626966002C7053 /* AppDelegate.swift */; };
		D84C4B4B1F626966002C7053 /* ViewController.swift in Sources */ = {isa = PBXBuildFile; fileRef = D84C4B4A1F626966002C7053 /* ViewController.swift */; };
		D84C4B4E1F626966002C7053 /* Main.storyboard in Resources */ = {isa = PBXBuildFile; fileRef = D84C4B4C1F626966002C7053 /* Main.storyboard */; };
		D84C4B501F626966002C7053 /* Assets.xcassets in Resources */ = {isa = PBXBuildFile; fileRef = D84C4B4F1F626966002C7053 /* Assets.xcassets */; };
		D84C4B531F626966002C7053 /* LaunchScreen.storyboard in Resources */ = {isa = PBXBuildFile; fileRef = D84C4B511F626966002C7053 /* LaunchScreen.storyboard */; };
		D84C4B5E1F626966002C7053 /* DemoTestTests.swift in Sources */ = {isa = PBXBuildFile; fileRef = D84C4B5D1F626966002C7053 /* DemoTestTests.swift */; };
		D84C4B691F626966002C7053 /* DemoTestUITests.swift in Sources */ = {isa = PBXBuildFile; fileRef = D84C4B681F626966002C7053 /* DemoTestUITests.swift */; };
/* End PBXBuildFile section */

/* Begin PBXContainerItemProxy section */
		D84C4B5A1F626966002C7053 /* PBXContainerItemProxy */ = {
			isa = PBXContainerItemProxy;
			containerPortal = D84C4B3D1F626966002C7053 /* Project object */;
			proxyType = 1;
			remoteGlobalIDString = D84C4B441F626966002C7053;
			remoteInfo = DemoTest;
		};
		D84C4B651F626966002C7053 /* PBXContainerItemProxy */ = {
			isa = PBXContainerItemProxy;
			containerPortal = D84C4B3D1F626966002C7053 /* Project object */;
			proxyType = 1;
			remoteGlobalIDString = D84C4B441F626966002C7053;
			remoteInfo = DemoTest;
		};
/* End PBXContainerItemProxy section */

/* Begin PBXFileReference section */
		D84C4B451F626966002C7053 /* DemoTest.app */ = {isa = PBXFileReference; explicitFileType = wrapper.application; includeInIndex = 0; path = DemoTest.app; sourceTree = BUILT_PRODUCTS_DIR; };
		D84C4B481F626966002C7053 /* AppDelegate.swift */ = {isa = PBXFileReference; lastKnownFileType = sourcecode.swift; path = AppDelegate.swift; sourceTree = "<group>"; };
		D84C4B4A1F626966002C7053 /* ViewController.swift */ = {isa = PBXFileReference; lastKnownFileType = sourcecode.swift; path = ViewController.swift; sourceTree = "<group>"; };
		D84C4B4D1F626966002C7053 /* Base */ = {isa = PBXFileReference; lastKnownFileType = file.storyboard; name = Base; path = Base.lproj/Main.storyboard; sourceTree = "<group>"; };
		D84C4B4F1F626966002C7053 /* Assets.xcassets */ = {isa = PBXFileReference; lastKnownFileType = folder.assetcatalog; path = Assets.xcassets; sourceTree = "<group>"; };
		D84C4B521F626966002C7053 /* Base */ = {isa = PBXFileReference; lastKnownFileType = file.storyboard; name = Base; path = Base.lproj/LaunchScreen.storyboard; sourceTree = "<group>"; };
		D84C4B541F626966002C7053 /* Info.plist */ = {isa = PBXFileReference; lastKnownFileType = text.plist.xml; path = Info.plist; sourceTree = "<group>"; };
		D84C4B591F626966002C7053 /* DemoTestTests.xctest */ = {isa = PBXFileReference; explicitFileType = wrapper.cfbundle; includeInIndex = 0; path = DemoTestTests.xctest; sourceTree = BUILT_PRODUCTS_DIR; };
		D84C4B5D1F626966002C7053 /* DemoTestTests.swift */ = {isa = PBXFileReference; lastKnownFileType = sourcecode.swift; path = DemoTestTests.swift; sourceTree = "<group>"; };
		D84C4B5F1F626966002C7053 /* Info.plist */ = {isa = PBXFileReference; lastKnownFileType = text.plist.xml; path = Info.plist; sourceTree = "<group>"; };
		D84C4B641F626966002C7053 /* DemoTestUITests.xctest */ = {isa = PBXFileReference; explicitFileType = wrapper.cfbundle; includeInIndex = 0; path = DemoTestUITests.xctest; sourceTree = BUILT_PRODUCTS_DIR; };
		D84C4B681F626966002C7053 /* DemoTestUITests.swift */ = {isa = PBXFileReference; lastKnownFileType = sourcecode.swift; path = DemoTestUITests.swift; sourceTree = "<group>"; };
		D84C4B6A1F626966002C7053 /* Info.plist */ = {isa = PBXFileReference; lastKnownFileType = text.plist.xml; path = Info.plist; sourceTree = "<group>"; };
/* End PBXFileReference section */

/* Begin PBXFrameworksBuildPhase section */
		D84C4B421F626966002C7053 /* Frameworks */ = {
			isa = PBXFrameworksBuildPhase;
			buildActionMask = 2147483647;
			files = (
			);
			runOnlyForDeploymentPostprocessing = 0;
		};
		D84C4B561F626966002C7053 /* Frameworks */ = {
			isa = PBXFrameworksBuildPhase;
			buildActionMask = 2147483647;
			files = (
			);
			runOnlyForDeploymentPostprocessing = 0;
		};
		D84C4B611F626966002C7053 /* Frameworks */ = {
			isa = PBXFrameworksBuildPhase;
			buildActionMask = 2147483647;
			files = (
			);
			runOnlyForDeploymentPostprocessing = 0;
		};
/* End PBXFrameworksBuildPhase section */

/* Begin PBXGroup section */
		D84C4B3C1F626966002C7053 = {
			isa = PBXGroup;
			children = (
				D84C4B471F626966002C7053 /* DemoTest */,
				D84C4B5C1F626966002C7053 /* DemoTestTests */,
				D84C4B671F626966002C7053 /* DemoTestUITests */,
				D84C4B461F626966002C7053 /* Products */,
			);
			sourceTree = "<group>";
		};
		D84C4B461F626966002C7053 /* Products */ = {
			isa = PBXGroup;
			children = (
				D84C4B451F626966002C7053 /* DemoTest.app */,
				D84C4B591F626966002C7053 /* DemoTestTests.xctest */,
				D84C4B641F626966002C7053 /* DemoTestUITests.xctest */,
			);
			name = Products;
			sourceTree = "<group>";
		};
		D84C4B471F626966002C7053 /* DemoTest */ = {
			isa = PBXGroup;
			children = (
				D84C4B481F626966002C7053 /* AppDelegate.swift */,
				D84C4B4A1F626966002C7053 /* ViewController.swift */,
				D84C4B4C1F626966002C7053 /* Main.storyboard */,
				D84C4B4F1F626966002C7053 /* Assets.xcassets */,
				D84C4B511F626966002C7053 /* LaunchScreen.storyboard */,
				D84C4B541F626966002C7053 /* Info.plist */,
			);
			path = DemoTest;
			sourceTree = "<group>";
		};
		D84C4B5C1F626966002C7053 /* DemoTestTests */ = {
			isa = PBXGroup;
			children = (
				D84C4B5D1F626966002C7053 /* DemoTestTests.swift */,
				D84C4B5F1F626966002C7053 /* Info.plist */,
			);
			path = DemoTestTests;
			sourceTree = "<group>";
		};
		D84C4B671F626966002C7053 /* DemoTestUITests */ = {
			isa = PBXGroup;
			children = (
				D84C4B681F626966002C7053 /* DemoTestUITests.swift */,
				D84C4B6A1F626966002C7053 /* Info.plist */,
			);
			path = DemoTestUITests;
			sourceTree = "<group>";
		};
/* End PBXGroup section */

/* Begin PBXNativeTarget section */
		D84C4B441F626966002C7053 /* DemoTest */ = {
			isa = PBXNativeTarget;
			buildConfigurationList = D84C4B6D1F626966002C7053 /* Build configuration list for PBXNativeTarget "DemoTest" */;
			buildPhases = (
				D84C4B411F626966002C7053 /* Sources */,
				D84C4B421F626966002C7053 /* Frameworks */,
				D84C4B431F626966002C7053 /* Resources */,
			);
			buildRules = (
			);
			dependencies = (
			);
			name = DemoTest;
			productName = DemoTest;
			productReference = D84C4B451F626966002C7053 /* DemoTest.app */;
			productType = "com.apple.product-type.application";
		};
		D84C4B581F626966002C7053 /* DemoTestTests */ = {
			isa = PBXNativeTarget;
			buildConfigurationList = D84C4B701F626966002C7053 /* Build configuration list for PBXNativeTarget "DemoTestTests" */;
			buildPhases = (
				D84C4B551F626966002C7053 /* Sources */,
				D84C4B561F626966002C7053 /* Frameworks */,
				D84C4B571F626966002C7053 /* Resources */,
			);
			buildRules = (
			);
			dependencies = (
				D84C4B5B1F626966002C7053 /* PBXTargetDependency */,
			);
			name = DemoTestTests;
			productName = DemoTestTests;
			productReference = D84C4B591F626966002C7053 /* DemoTestTests.xctest */;
			productType = "com.apple.product-type.bundle.unit-test";
		};
		D84C4B631F626966002C7053 /* DemoTestUITests */ = {
			isa = PBXNativeTarget;
			buildConfigurationList = D84C4B731F626966002C7053 /* Build configuration list for PBXNativeTarget "DemoTestUITests" */;
			buildPhases = (
				D84C4B601F626966002C7053 /* Sources */,
				D84C4B611F626966002C7053 /* Frameworks */,
				D84C4B621F626966002C7053 /* Resources */,
			);
			buildRules = (
			);
			dependencies = (
				D84C4B661F626966002C7053 /* PBXTargetDependency */,
			);
			name = DemoTestUITests;
			productName = DemoTestUITests;
			productReference = D84C4B641F626966002C7053 /* DemoTestUITests.xctest */;
			productType = "com.apple.product-type.bundle.ui-testing";
		};
/* End PBXNativeTarget section */

/* Begin PBXProject section */
		D84C4B3D1F626966002C7053 /* Project object */ = {
			isa = PBXProject;
			attributes = {
				LastSwiftUpdateCheck = 0820;
				LastUpgradeCheck = 0820;
				ORGANIZATIONNAME = "BNT SOFT";
				TargetAttributes = {
					D84C4B441F626966002C7053 = {
						CreatedOnToolsVersion = 8.2.1;
						ProvisioningStyle = Automatic;
					};
					D84C4B581F626966002C7053 = {
						CreatedOnToolsVersion = 8.2.1;
						ProvisioningStyle = Automatic;
						TestTargetID = D84C4B441F626966002C7053;
					};
					D84C4B631F626966002C7053 = {
						CreatedOnToolsVersion = 8.2.1;
						ProvisioningStyle = Automatic;
						TestTargetID = D84C4B441F626966002C7053;
					};
				};
			};
			buildConfigurationList = D84C4B401F626966002C7053 /* Build configuration list for PBXProject "DemoTest" */;
			compatibilityVersion = "Xcode 3.2";
			developmentRegion = English;
			hasScannedForEncodings = 0;
			knownRegions = (
				en,
				Base,
			);
			mainGroup = D84C4B3C1F626966002C7053;
			productRefGroup = D84C4B461F626966002C7053 /* Products */;
			projectDirPath = "";
			projectRoot = "";
			targets = (
				D84C4B441F626966002C7053 /* DemoTest */,
				D84C4B581F626966002C7053 /* DemoTestTests */,
				D84C4B631F626966002C7053 /* DemoTestUITests */,
			);
		};
/* End PBXProject section */

/* Begin PBXResourcesBuildPhase section */
		D84C4B431F626966002C7053 /* Resources */ = {
			isa = PBXResourcesBuildPhase;
			buildActionMask = 2147483647;
			files = (
				D84C4B531F626966002C7053 /* LaunchScreen.storyboard in Resources */,
				D84C4B501F626966002C7053 /* Assets.xcassets in Resources */,
				D84C4B4E1F626966002C7053 /* Main.storyboard in Resources */,
			);
			runOnlyForDeploymentPostprocessing = 0;
		};
		D84C4B571F626966002C7053 /* Resources */ = {
			isa = PBXResourcesBuildPhase;
			buildActionMask = 2147483647;
			files = (
			);
			runOnlyForDeploymentPostprocessing = 0;
		};
		D84C4B621F626966002C7053 /* Resources */ = {
			isa = PBXResourcesBuildPhase;
			buildActionMask = 2147483647;
			files = (
			);
			runOnlyForDeploymentPostprocessing = 0;
		};
/* End PBXResourcesBuildPhase section */

/* Begin PBXSourcesBuildPhase section */
		D84C4B411F626966002C7053 /* Sources */ = {
			isa = PBXSourcesBuildPhase;
			buildActionMask = 2147483647;
			files = (
				D84C4B4B1F626966002C7053 /* ViewController.swift in Sources */,
				D84C4B491F626966002C7053 /* AppDelegate.swift in Sources */,
			);
			runOnlyForDeploymentPostprocessing = 0;
		};
		D84C4B551F626966002C7053 /* Sources */ = {
			isa = PBXSourcesBuildPhase;
			buildActionMask = 2147483647;
			files = (
				D84C4B5E1F626966002C7053 /* DemoTestTests.swift in Sources */,
			);
			runOnlyForDeploymentPostprocessing = 0;
		};
		D84C4B601F626966002C7053 /* Sources */ = {
			isa = PBXSourcesBuildPhase;
			buildActionMask = 2147483647;
			files = (
				D84C4B691F626966002C7053 /* DemoTestUITests.swift in Sources */,
			);
			runOnlyForDeploymentPostprocessing = 0;
		};
/* End PBXSourcesBuildPhase section */

/* Begin PBXTargetDependency section */
		D84C4B5B1F626966002C7053 /* PBXTargetDependency */ = {
			isa = PBXTargetDependency;
			target = D84C4B441F626966002C7053 /* DemoTest */;
			targetProxy = D84C4B5A1F626966002C7053 /* PBXContainerItemProxy */;
		};
		D84C4B661F626966002C7053 /* PBXTargetDependency */ = {
			isa = PBXTargetDependency;
			target = D84C4B441F626966002C7053 /* DemoTest */;
			targetProxy = D84C4B651F626966002C7053 /* PBXContainerItemProxy */;
		};
/* End PBXTargetDependency section */

/* Begin PBXVariantGroup section */
		D84C4B4C1F626966002C7053 /* Main.storyboard */ = {
			isa = PBXVariantGroup;
			children = (
				D84C4B4D1F626966002C7053 /* Base */,
			);
			name = Main.storyboard;
			sourceTree = "<group>";
		};
		D84C4B511F626966002C7053 /* LaunchScreen.storyboard */ = {
			isa = PBXVariantGroup;
			children = (
				D84C4B521F626966002C7053 /* Base */,
			);
			name = LaunchScreen.storyboard;
			sourceTree = "<group>";
		};
/* End PBXVariantGroup section */

/* Begin XCBuildConfiguration section */
		D84C4B6B1F626966002C7053 /* Debug */ = {
			isa = XCBuildConfiguration;
			buildSettings = {
				ALWAYS_SEARCH_USER_PATHS = NO;
				CLANG_ANALYZER_NONNULL = YES;
				CLANG_CXX_LANGUAGE_STANDARD = "gnu++0x";
				CLANG_CXX_LIBRARY = "libc++";
				CLANG_ENABLE_MODULES = YES;
				CLANG_ENABLE_OBJC_ARC = YES;
				CLANG_WARN_BOOL_CONVERSION = YES;
				CLANG_WARN_CONSTANT_CONVERSION = YES;
				CLANG_WARN_DIRECT_OBJC_ISA_USAGE = YES_ERROR;
				CLANG_WARN_DOCUMENTATION_COMMENTS = YES;
				CLANG_WARN_EMPTY_BODY = YES;
				CLANG_WARN_ENUM_CONVERSION = YES;
				CLANG_WARN_INFINITE_RECURSION = YES;
				CLANG_WARN_INT_CONVERSION = YES;
				CLANG_WARN_OBJC_ROOT_CLASS = YES_ERROR;
				CLANG_WARN_SUSPICIOUS_MOVE = YES;
				CLANG_WARN_UNREACHABLE_CODE = YES;
				CLANG_WARN__DUPLICATE_METHOD_MATCH = YES;
				"CODE_SIGN_IDENTITY[sdk=iphoneos*]" = "iPhone Developer";
				COPY_PHASE_STRIP = NO;
				DEBUG_INFORMATION_FORMAT = dwarf;
				ENABLE_STRICT_OBJC_MSGSEND = YES;
				ENABLE_TESTABILITY = YES;
				GCC_C_LANGUAGE_STANDARD = gnu99;
				GCC_DYNAMIC_NO_PIC = NO;
				GCC_NO_COMMON_BLOCKS = YES;
				GCC_OPTIMIZATION_LEVEL = 0;
				GCC_PREPROCESSOR_DEFINITIONS = (
					"DEBUG=1",
					"$(inherited)",
				);
				GCC_WARN_64_TO_32_BIT_CONVERSION = YES;
				GCC_WARN_ABOUT_RETURN_TYPE = YES_ERROR;
				GCC_WARN_UNDECLARED_SELECTOR = YES;
				GCC_WARN_UNINITIALIZED_AUTOS = YES_AGGRESSIVE;
				GCC_WARN_UNUSED_FUNCTION = YES;
				GCC_WARN_UNUSED_VARIABLE = YES;
				IPHONEOS_DEPLOYMENT_TARGET = 10.2;
				MTL_ENABLE_DEBUG_INFO = YES;
				ONLY_ACTIVE_ARCH = YES;
				SDKROOT = iphoneos;
				SWIFT_ACTIVE_COMPILATION_CONDITIONS = DEBUG;
				SWIFT_OPTIMIZATION_LEVEL = "-Onone";
			};
			name = Debug;
		};
		D84C4B6C1F626966002C7053 /* Release */ = {
			isa = XCBuildConfiguration;
			buildSettings = {
				ALWAYS_SEARCH_USER_PATHS = NO;
				CLANG_ANALYZER_NONNULL = YES;
				CLANG_CXX_LANGUAGE_STANDARD = "gnu++0x";
				CLANG_CXX_LIBRARY = "libc++";
				CLANG_ENABLE_MODULES = YES;
				CLANG_ENABLE_OBJC_ARC = YES;
				CLANG_WARN_BOOL_CONVERSION = YES;
				CLANG_WARN_CONSTANT_CONVERSION = YES;
				CLANG_WARN_DIRECT_OBJC_ISA_USAGE = YES_ERROR;
				CLANG_WARN_DOCUMENTATION_COMMENTS = YES;
				CLANG_WARN_EMPTY_BODY = YES;
				CLANG_WARN_ENUM_CONVERSION = YES;
				CLANG_WARN_INFINITE_RECURSION = YES;
				CLANG_WARN_INT_CONVERSION = YES;
				CLANG_WARN_OBJC_ROOT_CLASS = YES_ERROR;
				CLANG_WARN_SUSPICIOUS_MOVE = YES;
				CLANG_WARN_UNREACHABLE_CODE = YES;
				CLANG_WARN__DUPLICATE_METHOD_MATCH = YES;
				"CODE_SIGN_IDENTITY[sdk=iphoneos*]" = "iPhone Developer";
				COPY_PHASE_STRIP = NO;
				DEBUG_INFORMATION_FORMAT = "dwarf-with-dsym";
				ENABLE_NS_ASSERTIONS = NO;
				ENABLE_STRICT_OBJC_MSGSEND = YES;
				GCC_C_LANGUAGE_STANDARD = gnu99;
				GCC_NO_COMMON_BLOCKS = YES;
				GCC_WARN_64_TO_32_BIT_CONVERSION = YES;
				GCC_WARN_ABOUT_RETURN_TYPE = YES_ERROR;
				GCC_WARN_UNDECLARED_SELECTOR = YES;
				GCC_WARN_UNINITIALIZED_AUTOS = YES_AGGRESSIVE;
				GCC_WARN_UNUSED_FUNCTION = YES;
				GCC_WARN_UNUSED_VARIABLE = YES;
				IPHONEOS_DEPLOYMENT_TARGET = 10.2;
				MTL_ENABLE_DEBUG_INFO = NO;
				SDKROOT = iphoneos;
				SWIFT_OPTIMIZATION_LEVEL = "-Owholemodule";
				VALIDATE_PRODUCT = YES;
			};
			name = Release;
		};
		D84C4B6E1F626966002C7053 /* Debug */ = {
			isa = XCBuildConfiguration;
			buildSettings = {
				ASSETCATALOG_COMPILER_APPICON_NAME = AppIcon;
				INFOPLIST_FILE = DemoTest/Info.plist;
				LD_RUNPATH_SEARCH_PATHS = "$(inherited) @executable_path/Frameworks";
				PRODUCT_BUNDLE_IDENTIFIER = "bnt-soft.DemoTest";
				PRODUCT_NAME = "$(TARGET_NAME)";
				SWIFT_VERSION = 3.0;
			};
			name = Debug;
		};
		D84C4B6F1F626966002C7053 /* Release */ = {
			isa = XCBuildConfiguration;
			buildSettings = {
				ASSETCATALOG_COMPILER_APPICON_NAME = AppIcon;
				INFOPLIST_FILE = DemoTest/Info.plist;
				LD_RUNPATH_SEARCH_PATHS = "$(inherited) @executable_path/Frameworks";
				PRODUCT_BUNDLE_IDENTIFIER = "bnt-soft.DemoTest";
				PRODUCT_NAME = "$(TARGET_NAME)";
				SWIFT_VERSION = 3.0;
			};
			name = Release;
		};
		D84C4B711F626966002C7053 /* Debug */ = {
			isa = XCBuildConfiguration;
			buildSettings = {
				ALWAYS_EMBED_SWIFT_STANDARD_LIBRARIES = YES;
				BUNDLE_LOADER = "$(TEST_HOST)";
				INFOPLIST_FILE = DemoTestTests/Info.plist;
				LD_RUNPATH_SEARCH_PATHS = "$(inherited) @executable_path/Frameworks @loader_path/Frameworks";
				PRODUCT_BUNDLE_IDENTIFIER = "bnt-soft.DemoTestTests";
				PRODUCT_NAME = "$(TARGET_NAME)";
				SWIFT_VERSION = 3.0;
				TEST_HOST = "$(BUILT_PRODUCTS_DIR)/DemoTest.app/DemoTest";
			};
			name = Debug;
		};
		D84C4B721F626966002C7053 /* Release */ = {
			isa = XCBuildConfiguration;
			buildSettings = {
				ALWAYS_EMBED_SWIFT_STANDARD_LIBRARIES = YES;
				BUNDLE_LOADER = "$(TEST_HOST)";
				INFOPLIST_FILE = DemoTestTests/Info.plist;
				LD_RUNPATH_SEARCH_PATHS = "$(inherited) @executable_path/Frameworks @loader_path/Frameworks";
				PRODUCT_BUNDLE_IDENTIFIER = "bnt-soft.DemoTestTests";
				PRODUCT_NAME = "$(TARGET_NAME)";
				SWIFT_VERSION = 3.0;
				TEST_HOST = "$(BUILT_PRODUCTS_DIR)/DemoTest.app/DemoTest";
			};
			name = Release;
		};
		D84C4B741F626966002C7053 /* Debug */ = {
			isa = XCBuildConfiguration;
			buildSettings = {
				ALWAYS_EMBED_SWIFT_STANDARD_LIBRARIES = YES;
				INFOPLIST_FILE = DemoTestUITests/Info.plist;
				LD_RUNPATH_SEARCH_PATHS = "$(inherited) @executable_path/Frameworks @loader_path/Frameworks";
				PRODUCT_BUNDLE_IDENTIFIER = "bnt-soft.DemoTestUITests";
				PRODUCT_NAME = "$(TARGET_NAME)";
				SWIFT_VERSION = 3.0;
				TEST_TARGET_NAME = DemoTest;
			};
			name = Debug;
		};
		D84C4B751F626966002C7053 /* Release */ = {
			isa = XCBuildConfiguration;
			buildSettings = {
				ALWAYS_EMBED_SWIFT_STANDARD_LIBRARIES = YES;
				INFOPLIST_FILE = DemoTestUITests/Info.plist;
				LD_RUNPATH_SEARCH_PATHS = "$(inherited) @executable_path/Frameworks @loader_path/Frameworks";
				PRODUCT_BUNDLE_IDENTIFIER = "bnt-soft.DemoTestUITests";
				PRODUCT_NAME = "$(TARGET_NAME)";
				SWIFT_VERSION = 3.0;
				TEST_TARGET_NAME = DemoTest;
			};
			name = Release;
		};
/* End XCBuildConfiguration section */

/* Begin XCConfigurationList section */
		D84C4B401F626966002C7053 /* Build configuration list for PBXProject "DemoTest" */ = {
			isa = XCConfigurationList;
			buildConfigurations = (
				D84C4B6B1F626966002C7053 /* Debug */,
				D84C4B6C1F626966002C7053 /* Release */,
			);
			defaultConfigurationIsVisible = 0;
			defaultConfigurationName = Release;
		};
		D84C4B6D1F626966002C7053 /* Build configuration list for PBXNativeTarget "DemoTest" */ = {
			isa = XCConfigurationList;
			buildConfigurations = (
				D84C4B6E1F626966002C7053 /* Debug */,
				D84C4B6F1F626966002C7053 /* Release */,
			);
			defaultConfigurationIsVisible = 0;
		};
		D84C4B701F626966002C7053 /* Build configuration list for PBXNativeTarget "DemoTestTests" */ = {
			isa = XCConfigurationList;
			buildConfigurations = (
				D84C4B711F626966002C7053 /* Debug */,
				D84C4B721F626966002C7053 /* Release */,
			);
			defaultConfigurationIsVisible = 0;
		};
		D84C4B731F626966002C7053 /* Build configuration list for PBXNativeTarget "DemoTestUITests" */ = {
			isa = XCConfigurationList;
			buildConfigurations = (
				D84C4B741F626966002C7053 /* Debug */,
				D84C4B751F626966002C7053 /* Release */,
			);
			defaultConfigurationIsVisible = 0;
		};
/* End XCConfigurationList section */
	};
	rootObject = D84C4B3D1F626966002C7053 /* Project object */;
}
